
Microsoft Visual Studio Solution File, Format Version 11.00
# Visual Studio 2010
# SharpDevelop 4.4
Project("{FAE04EC0-301F-11D3-BF4B-00C04F79EFBC}") = "Nomor2", "Nomor2.csproj", "{B6A7D751-1458-4EBC-988D-D2FF63BAD336}"
EndProject
Global
	GlobalSection(SolutionConfigurationPlatforms) = preSolution
		Debug|Any CPU = Debug|Any CPU
		Release|Any CPU = Release|Any CPU
	EndGlobalSection
	GlobalSection(ProjectConfigurationPlatforms) = postSolution
		{B6A7D751-1458-4EBC-988D-D2FF63BAD336}.Debug|Any CPU.Build.0 = Debug|Any CPU
		{B6A7D751-1458-4EBC-988D-D2FF63BAD336}.Debug|Any CPU.ActiveCfg = Debug|Any CPU
		{B6A7D751-1458-4EBC-988D-D2FF63BAD336}.Release|Any CPU.Build.0 = Release|Any CPU
		{B6A7D751-1458-4EBC-988D-D2FF63BAD336}.Release|Any CPU.ActiveCfg = Release|Any CPU
	EndGlobalSection
EndGlobal
